
Microsoft Visual Studio Solution File, Format Version 12.00
# Visual Studio Version 17
VisualStudioVersion = 17.9.34728.123
MinimumVisualStudioVersion = 10.0.40219.1
Project("{FAE04EC0-301F-11D3-BF4B-00C04F79EFBC}") = "NZWalks.API", "NZWalks.API\NZWalks.API.csproj", "{5D730D2D-22F8-4D5E-B831-D53D49462C0A}"
EndProject
Global
	GlobalSection(SolutionConfigurationPlatforms) = preSolution
		Debug|Any CPU = Debug|Any CPU
		Release|Any CPU = Release|Any CPU
	EndGlobalSection
	GlobalSection(ProjectConfigurationPlatforms) = postSolution
		{5D730D2D-22F8-4D5E-B831-D53D49462C0A}.Debug|Any CPU.ActiveCfg = Debug|Any CPU
		{5D730D2D-22F8-4D5E-B831-D53D49462C0A}.Debug|Any CPU.Build.0 = Debug|Any CPU
		{5D730D2D-22F8-4D5E-B831-D53D49462C0A}.Release|Any CPU.ActiveCfg = Release|Any CPU
		{5D730D2D-22F8-4D5E-B831-D53D49462C0A}.Release|Any CPU.Build.0 = Release|Any CPU
	EndGlobalSection
	GlobalSection(SolutionProperties) = preSolution
		HideSolutionNode = FALSE
	EndGlobalSection
	GlobalSection(ExtensibilityGlobals) = postSolution
		SolutionGuid = {FDAAD5F2-E1BA-4A07-B69C-2B6A0F7938A5}
	EndGlobalSection
EndGlobal
